// !$*UTF8*$!
{
	archiveVersion = 1;
	classes = {
	};
	objectVersion = 55;
	objects = {

/* Begin PBXBuildFile section */
		CF749BE6275EEC5F002665EF /* SummaryViewController.xib in Resources */ = {isa = PBXBuildFile; fileRef = CF749BE5275EEC5F002665EF /* SummaryViewController.xib */; };
		CFB017102759817F00D7270B /* CameraViewController.xib in Resources */ = {isa = PBXBuildFile; fileRef = CFB0170F2759817F00D7270B /* CameraViewController.xib */; };
		CFDBCB4627599CB000D100DA /* SummaryViewController.swift in Sources */ = {isa = PBXBuildFile; fileRef = CFDBCB4527599CB000D100DA /* SummaryViewController.swift */; };
		F7A31F50275859770000583E /* CupDetector 1.mlmodel in Sources */ = {isa = PBXBuildFile; fileRef = F7A31F4E275859770000583E /* CupDetector 1.mlmodel */; };
		F7A31F53275860B20000583E /* SceneDelegate.swift in Sources */ = {isa = PBXBuildFile; fileRef = F7A31F52275860B20000583E /* SceneDelegate.swift */; };
		F7A31F5527589CAB0000583E /* OverhandDetector 2.mlmodel in Sources */ = {isa = PBXBuildFile; fileRef = F7A31F5427589CAB0000583E /* OverhandDetector 2.mlmodel */; };
		F7A31F5727592F5A0000583E /* SourcePickerViewController.swift in Sources */ = {isa = PBXBuildFile; fileRef = F7A31F5627592F5A0000583E /* SourcePickerViewController.swift */; };
		F7A31F5B275931870000583E /* RootViewController.swift in Sources */ = {isa = PBXBuildFile; fileRef = F7A31F5A275931870000583E /* RootViewController.swift */; };
		F7A31F65275989220000583E /* GameViewController.xib in Resources */ = {isa = PBXBuildFile; fileRef = F7A31F64275989220000583E /* GameViewController.xib */; };
		F7A31F67275993450000583E /* TrajectoryView.swift in Sources */ = {isa = PBXBuildFile; fileRef = F7A31F66275993450000583E /* TrajectoryView.swift */; };
		F7A31F692759934F0000583E /* OverlayLabel.swift in Sources */ = {isa = PBXBuildFile; fileRef = F7A31F682759934F0000583E /* OverlayLabel.swift */; };
		F7A31F6B275993540000583E /* JointSegmentView.swift in Sources */ = {isa = PBXBuildFile; fileRef = F7A31F6A275993540000583E /* JointSegmentView.swift */; };
		F7A31F6D275993620000583E /* BoundingBoxView.swift in Sources */ = {isa = PBXBuildFile; fileRef = F7A31F6C275993620000583E /* BoundingBoxView.swift */; };
		F7A31F6F275AA2990000583E /* SetupViewController.swift in Sources */ = {isa = PBXBuildFile; fileRef = F7A31F6E275AA2990000583E /* SetupViewController.swift */; };
		F7A31F71275AA4120000583E /* SetupViewController.xib in Resources */ = {isa = PBXBuildFile; fileRef = F7A31F70275AA4120000583E /* SetupViewController.xib */; };
		F7D9C11C27500A24009A774F /* GameManager.swift in Sources */ = {isa = PBXBuildFile; fileRef = F7D9C11B27500A24009A774F /* GameManager.swift */; };
		F7D9C11E27500A77009A774F /* Functionality.swift in Sources */ = {isa = PBXBuildFile; fileRef = F7D9C11D27500A77009A774F /* Functionality.swift */; };
		F7D9C1202752E281009A774F /* CameraViewController.swift in Sources */ = {isa = PBXBuildFile; fileRef = F7D9C11F2752E281009A774F /* CameraViewController.swift */; };
		F7D9C1232752E5DA009A774F /* VideoView.swift in Sources */ = {isa = PBXBuildFile; fileRef = F7D9C1222752E5DA009A774F /* VideoView.swift */; };
		F7F53BEC273E25E50087511F /* AppDelegate.swift in Sources */ = {isa = PBXBuildFile; fileRef = F7F53BEB273E25E50087511F /* AppDelegate.swift */; };
		F7F53BF0273E25E50087511F /* Actions.sks in Resources */ = {isa = PBXBuildFile; fileRef = F7F53BEF273E25E50087511F /* Actions.sks */; };
		F7F53BF2273E25E50087511F /* GameScene.swift in Sources */ = {isa = PBXBuildFile; fileRef = F7F53BF1273E25E50087511F /* GameScene.swift */; };
		F7F53BF4273E25E50087511F /* GameViewController.swift in Sources */ = {isa = PBXBuildFile; fileRef = F7F53BF3273E25E50087511F /* GameViewController.swift */; };
		F7F53BF7273E25E50087511F /* Main.storyboard in Resources */ = {isa = PBXBuildFile; fileRef = F7F53BF5273E25E50087511F /* Main.storyboard */; };
		F7F53BF9273E25E50087511F /* Assets.xcassets in Resources */ = {isa = PBXBuildFile; fileRef = F7F53BF8273E25E50087511F /* Assets.xcassets */; };
		F7F53BFC273E25E50087511F /* LaunchScreen.storyboard in Resources */ = {isa = PBXBuildFile; fileRef = F7F53BFA273E25E50087511F /* LaunchScreen.storyboard */; };
/* End PBXBuildFile section */

/* Begin PBXFileReference section */
		CF749BE5275EEC5F002665EF /* SummaryViewController.xib */ = {isa = PBXFileReference; fileEncoding = 4; lastKnownFileType = file.xib; path = SummaryViewController.xib; sourceTree = "<group>"; };
		CFB0170F2759817F00D7270B /* CameraViewController.xib */ = {isa = PBXFileReference; fileEncoding = 4; lastKnownFileType = file.xib; path = CameraViewController.xib; sourceTree = "<group>"; };
		CFDBCB4527599CB000D100DA /* SummaryViewController.swift */ = {isa = PBXFileReference; fileEncoding = 4; lastKnownFileType = sourcecode.swift; path = SummaryViewController.swift; sourceTree = "<group>"; };
		F7A31F4E275859770000583E /* CupDetector 1.mlmodel */ = {isa = PBXFileReference; lastKnownFileType = file.mlmodel; path = "CupDetector 1.mlmodel"; sourceTree = "<group>"; };
		F7A31F52275860B20000583E /* SceneDelegate.swift */ = {isa = PBXFileReference; lastKnownFileType = sourcecode.swift; path = SceneDelegate.swift; sourceTree = "<group>"; };
		F7A31F5427589CAB0000583E /* OverhandDetector 2.mlmodel */ = {isa = PBXFileReference; lastKnownFileType = file.mlmodel; path = "OverhandDetector 2.mlmodel"; sourceTree = "<group>"; };
		F7A31F5627592F5A0000583E /* SourcePickerViewController.swift */ = {isa = PBXFileReference; lastKnownFileType = sourcecode.swift; path = SourcePickerViewController.swift; sourceTree = "<group>"; };
		F7A31F5A275931870000583E /* RootViewController.swift */ = {isa = PBXFileReference; lastKnownFileType = sourcecode.swift; path = RootViewController.swift; sourceTree = "<group>"; };
		F7A31F5E275974BA0000583E /* Info.plist */ = {isa = PBXFileReference; lastKnownFileType = text.plist; path = Info.plist; sourceTree = "<group>"; };
		F7A31F64275989220000583E /* GameViewController.xib */ = {isa = PBXFileReference; fileEncoding = 4; lastKnownFileType = file.xib; path = GameViewController.xib; sourceTree = "<group>"; };
		F7A31F66275993450000583E /* TrajectoryView.swift */ = {isa = PBXFileReference; fileEncoding = 4; lastKnownFileType = sourcecode.swift; path = TrajectoryView.swift; sourceTree = "<group>"; };
		F7A31F682759934F0000583E /* OverlayLabel.swift */ = {isa = PBXFileReference; fileEncoding = 4; lastKnownFileType = sourcecode.swift; path = OverlayLabel.swift; sourceTree = "<group>"; };
		F7A31F6A275993540000583E /* JointSegmentView.swift */ = {isa = PBXFileReference; fileEncoding = 4; lastKnownFileType = sourcecode.swift; path = JointSegmentView.swift; sourceTree = "<group>"; };
		F7A31F6C275993620000583E /* BoundingBoxView.swift */ = {isa = PBXFileReference; fileEncoding = 4; lastKnownFileType = sourcecode.swift; path = BoundingBoxView.swift; sourceTree = "<group>"; };
		F7A31F6E275AA2990000583E /* SetupViewController.swift */ = {isa = PBXFileReference; lastKnownFileType = sourcecode.swift; path = SetupViewController.swift; sourceTree = "<group>"; };
		F7A31F70275AA4120000583E /* SetupViewController.xib */ = {isa = PBXFileReference; fileEncoding = 4; lastKnownFileType = file.xib; path = SetupViewController.xib; sourceTree = "<group>"; };
		F7D9C11B27500A24009A774F /* GameManager.swift */ = {isa = PBXFileReference; lastKnownFileType = sourcecode.swift; path = GameManager.swift; sourceTree = "<group>"; };
		F7D9C11D27500A77009A774F /* Functionality.swift */ = {isa = PBXFileReference; lastKnownFileType = sourcecode.swift; path = Functionality.swift; sourceTree = "<group>"; };
		F7D9C11F2752E281009A774F /* CameraViewController.swift */ = {isa = PBXFileReference; lastKnownFileType = sourcecode.swift; path = CameraViewController.swift; sourceTree = "<group>"; };
		F7D9C1222752E5DA009A774F /* VideoView.swift */ = {isa = PBXFileReference; lastKnownFileType = sourcecode.swift; path = VideoView.swift; sourceTree = "<group>"; };
		F7F53BE8273E25E50087511F /* Pong.app */ = {isa = PBXFileReference; explicitFileType = wrapper.application; includeInIndex = 0; path = Pong.app; sourceTree = BUILT_PRODUCTS_DIR; };
		F7F53BEB273E25E50087511F /* AppDelegate.swift */ = {isa = PBXFileReference; lastKnownFileType = sourcecode.swift; path = AppDelegate.swift; sourceTree = "<group>"; };
		F7F53BEF273E25E50087511F /* Actions.sks */ = {isa = PBXFileReference; lastKnownFileType = file.sks; path = Actions.sks; sourceTree = "<group>"; };
		F7F53BF1273E25E50087511F /* GameScene.swift */ = {isa = PBXFileReference; lastKnownFileType = sourcecode.swift; path = GameScene.swift; sourceTree = "<group>"; };
		F7F53BF3273E25E50087511F /* GameViewController.swift */ = {isa = PBXFileReference; lastKnownFileType = sourcecode.swift; path = GameViewController.swift; sourceTree = "<group>"; };
		F7F53BF6273E25E50087511F /* Base */ = {isa = PBXFileReference; lastKnownFileType = file.storyboard; name = Base; path = Base.lproj/Main.storyboard; sourceTree = "<group>"; };
		F7F53BF8273E25E50087511F /* Assets.xcassets */ = {isa = PBXFileReference; lastKnownFileType = folder.assetcatalog; path = Assets.xcassets; sourceTree = "<group>"; };
		F7F53BFB273E25E50087511F /* Base */ = {isa = PBXFileReference; lastKnownFileType = file.storyboard; name = Base; path = Base.lproj/LaunchScreen.storyboard; sourceTree = "<group>"; };
/* End PBXFileReference section */

/* Begin PBXFrameworksBuildPhase section */
		F7F53BE5273E25E50087511F /* Frameworks */ = {
			isa = PBXFrameworksBuildPhase;
			buildActionMask = 2147483647;
			files = (
			);
			runOnlyForDeploymentPostprocessing = 0;
		};
/* End PBXFrameworksBuildPhase section */

/* Begin PBXGroup section */
		F7D9C1212752E5A7009A774F /* Views */ = {
			isa = PBXGroup;
			children = (
				F7A31F682759934F0000583E /* OverlayLabel.swift */,
				F7A31F6A275993540000583E /* JointSegmentView.swift */,
				F7A31F66275993450000583E /* TrajectoryView.swift */,
				F7A31F6C275993620000583E /* BoundingBoxView.swift */,
				F7D9C1222752E5DA009A774F /* VideoView.swift */,
			);
			path = Views;
			sourceTree = "<group>";
		};
		F7F53BDF273E25E50087511F = {
			isa = PBXGroup;
			children = (
				F7F53BEA273E25E50087511F /* Pong */,
				F7F53BE9273E25E50087511F /* Products */,
			);
			sourceTree = "<group>";
		};
		F7F53BE9273E25E50087511F /* Products */ = {
			isa = PBXGroup;
			children = (
				F7F53BE8273E25E50087511F /* Pong.app */,
			);
			name = Products;
			sourceTree = "<group>";
		};
		F7F53BEA273E25E50087511F /* Pong */ = {
			isa = PBXGroup;
			children = (
				F7A31F5E275974BA0000583E /* Info.plist */,
				F7A31F5427589CAB0000583E /* OverhandDetector 2.mlmodel */,
				F7A31F4E275859770000583E /* CupDetector 1.mlmodel */,
				F7D9C11D27500A77009A774F /* Functionality.swift */,
				F7F53BEB273E25E50087511F /* AppDelegate.swift */,
				F7A31F52275860B20000583E /* SceneDelegate.swift */,
				F7A31F5A275931870000583E /* RootViewController.swift */,
				F7A31F5627592F5A0000583E /* SourcePickerViewController.swift */,
				F7D9C11F2752E281009A774F /* CameraViewController.swift */,
				F7A31F6E275AA2990000583E /* SetupViewController.swift */,
				F7D9C11B27500A24009A774F /* GameManager.swift */,
				CFDBCB4527599CB000D100DA /* SummaryViewController.swift */,
				F7F53BF1273E25E50087511F /* GameScene.swift */,
				F7F53BF3273E25E50087511F /* GameViewController.swift */,
				F7D9C1212752E5A7009A774F /* Views */,
				F7F53BEF273E25E50087511F /* Actions.sks */,
				F7F53BF5273E25E50087511F /* Main.storyboard */,
				F7A31F64275989220000583E /* GameViewController.xib */,
				CF749BE5275EEC5F002665EF /* SummaryViewController.xib */,
				F7A31F70275AA4120000583E /* SetupViewController.xib */,
				F7F53BF8273E25E50087511F /* Assets.xcassets */,
				F7F53BFA273E25E50087511F /* LaunchScreen.storyboard */,
				CFB0170F2759817F00D7270B /* CameraViewController.xib */,
			);
			path = Pong;
			sourceTree = "<group>";
		};
/* End PBXGroup section */

/* Begin PBXNativeTarget section */
		F7F53BE7273E25E50087511F /* Pong */ = {
			isa = PBXNativeTarget;
			buildConfigurationList = F7F53BFF273E25E50087511F /* Build configuration list for PBXNativeTarget "Pong" */;
			buildPhases = (
				F7F53BE4273E25E50087511F /* Sources */,
				F7F53BE5273E25E50087511F /* Frameworks */,
				F7F53BE6273E25E50087511F /* Resources */,
			);
			buildRules = (
			);
			dependencies = (
			);
			name = Pong;
			productName = Pong;
			productReference = F7F53BE8273E25E50087511F /* Pong.app */;
			productType = "com.apple.product-type.application";
		};
/* End PBXNativeTarget section */

/* Begin PBXProject section */
		F7F53BE0273E25E50087511F /* Project object */ = {
			isa = PBXProject;
			attributes = {
				BuildIndependentTargetsInParallel = 1;
				LastSwiftUpdateCheck = 1300;
				LastUpgradeCheck = 1300;
				TargetAttributes = {
					F7F53BE7273E25E50087511F = {
						CreatedOnToolsVersion = 13.0;
					};
				};
			};
			buildConfigurationList = F7F53BE3273E25E50087511F /* Build configuration list for PBXProject "Pong" */;
			compatibilityVersion = "Xcode 13.0";
			developmentRegion = en;
			hasScannedForEncodings = 0;
			knownRegions = (
				en,
				Base,
			);
			mainGroup = F7F53BDF273E25E50087511F;
			productRefGroup = F7F53BE9273E25E50087511F /* Products */;
			projectDirPath = "";
			projectRoot = "";
			targets = (
				F7F53BE7273E25E50087511F /* Pong */,
			);
		};
/* End PBXProject section */

/* Begin PBXResourcesBuildPhase section */
		F7F53BE6273E25E50087511F /* Resources */ = {
			isa = PBXResourcesBuildPhase;
			buildActionMask = 2147483647;
			files = (
				F7A31F71275AA4120000583E /* SetupViewController.xib in Resources */,
				F7F53BF7273E25E50087511F /* Main.storyboard in Resources */,
				F7F53BF9273E25E50087511F /* Assets.xcassets in Resources */,
				CFB017102759817F00D7270B /* CameraViewController.xib in Resources */,
				F7A31F65275989220000583E /* GameViewController.xib in Resources */,
				F7F53BFC273E25E50087511F /* LaunchScreen.storyboard in Resources */,
				F7F53BF0273E25E50087511F /* Actions.sks in Resources */,
				CF749BE6275EEC5F002665EF /* SummaryViewController.xib in Resources */,
			);
			runOnlyForDeploymentPostprocessing = 0;
		};
/* End PBXResourcesBuildPhase section */

/* Begin PBXSourcesBuildPhase section */
		F7F53BE4273E25E50087511F /* Sources */ = {
			isa = PBXSourcesBuildPhase;
			buildActionMask = 2147483647;
			files = (
				F7A31F67275993450000583E /* TrajectoryView.swift in Sources */,
				F7A31F6B275993540000583E /* JointSegmentView.swift in Sources */,
				F7A31F50275859770000583E /* CupDetector 1.mlmodel in Sources */,
				F7F53BF2273E25E50087511F /* GameScene.swift in Sources */,
				F7D9C1232752E5DA009A774F /* VideoView.swift in Sources */,
				F7D9C11E27500A77009A774F /* Functionality.swift in Sources */,
				CFDBCB4627599CB000D100DA /* SummaryViewController.swift in Sources */,
				F7D9C11C27500A24009A774F /* GameManager.swift in Sources */,
				F7D9C1202752E281009A774F /* CameraViewController.swift in Sources */,
				F7A31F5B275931870000583E /* RootViewController.swift in Sources */,
				F7F53BF4273E25E50087511F /* GameViewController.swift in Sources */,
				F7A31F6F275AA2990000583E /* SetupViewController.swift in Sources */,
				F7A31F6D275993620000583E /* BoundingBoxView.swift in Sources */,
				F7A31F5527589CAB0000583E /* OverhandDetector 2.mlmodel in Sources */,
				F7A31F53275860B20000583E /* SceneDelegate.swift in Sources */,
				F7A31F692759934F0000583E /* OverlayLabel.swift in Sources */,
				F7F53BEC273E25E50087511F /* AppDelegate.swift in Sources */,
				F7A31F5727592F5A0000583E /* SourcePickerViewController.swift in Sources */,
			);
			runOnlyForDeploymentPostprocessing = 0;
		};
/* End PBXSourcesBuildPhase section */

/* Begin PBXVariantGroup section */
		F7F53BF5273E25E50087511F /* Main.storyboard */ = {
			isa = PBXVariantGroup;
			children = (
				F7F53BF6273E25E50087511F /* Base */,
			);
			name = Main.storyboard;
			sourceTree = "<group>";
		};
		F7F53BFA273E25E50087511F /* LaunchScreen.storyboard */ = {
			isa = PBXVariantGroup;
			children = (
				F7F53BFB273E25E50087511F /* Base */,
			);
			name = LaunchScreen.storyboard;
			sourceTree = "<group>";
		};
/* End PBXVariantGroup section */

/* Begin XCBuildConfiguration section */
		F7F53BFD273E25E50087511F /* Debug */ = {
			isa = XCBuildConfiguration;
			buildSettings = {
				ALWAYS_SEARCH_USER_PATHS = NO;
				CLANG_ANALYZER_NONNULL = YES;
				CLANG_ANALYZER_NUMBER_OBJECT_CONVERSION = YES_AGGRESSIVE;
				CLANG_CXX_LANGUAGE_STANDARD = "gnu++17";
				CLANG_CXX_LIBRARY = "libc++";
				CLANG_ENABLE_MODULES = YES;
				CLANG_ENABLE_OBJC_ARC = YES;
				CLANG_ENABLE_OBJC_WEAK = YES;
				CLANG_WARN_BLOCK_CAPTURE_AUTORELEASING = YES;
				CLANG_WARN_BOOL_CONVERSION = YES;
				CLANG_WARN_COMMA = YES;
				CLANG_WARN_CONSTANT_CONVERSION = YES;
				CLANG_WARN_DEPRECATED_OBJC_IMPLEMENTATIONS = YES;
				CLANG_WARN_DIRECT_OBJC_ISA_USAGE = YES_ERROR;
				CLANG_WARN_DOCUMENTATION_COMMENTS = YES;
				CLANG_WARN_EMPTY_BODY = YES;
				CLANG_WARN_ENUM_CONVERSION = YES;
				CLANG_WARN_INFINITE_RECURSION = YES;
				CLANG_WARN_INT_CONVERSION = YES;
				CLANG_WARN_NON_LITERAL_NULL_CONVERSION = YES;
				CLANG_WARN_OBJC_IMPLICIT_RETAIN_SELF = YES;
				CLANG_WARN_OBJC_LITERAL_CONVERSION = YES;
				CLANG_WARN_OBJC_ROOT_CLASS = YES_ERROR;
				CLANG_WARN_QUOTED_INCLUDE_IN_FRAMEWORK_HEADER = YES;
				CLANG_WARN_RANGE_LOOP_ANALYSIS = YES;
				CLANG_WARN_STRICT_PROTOTYPES = YES;
				CLANG_WARN_SUSPICIOUS_MOVE = YES;
				CLANG_WARN_UNGUARDED_AVAILABILITY = YES_AGGRESSIVE;
				CLANG_WARN_UNREACHABLE_CODE = YES;
				CLANG_WARN__DUPLICATE_METHOD_MATCH = YES;
				COPY_PHASE_STRIP = NO;
				DEBUG_INFORMATION_FORMAT = dwarf;
				ENABLE_STRICT_OBJC_MSGSEND = YES;
				ENABLE_TESTABILITY = YES;
				GCC_C_LANGUAGE_STANDARD = gnu11;
				GCC_DYNAMIC_NO_PIC = NO;
				GCC_NO_COMMON_BLOCKS = YES;
				GCC_OPTIMIZATION_LEVEL = 0;
				GCC_PREPROCESSOR_DEFINITIONS = (
					"DEBUG=1",
					"$(inherited)",
				);
				GCC_WARN_64_TO_32_BIT_CONVERSION = YES;
				GCC_WARN_ABOUT_RETURN_TYPE = YES_ERROR;
				GCC_WARN_UNDECLARED_SELECTOR = YES;
				GCC_WARN_UNINITIALIZED_AUTOS = YES_AGGRESSIVE;
				GCC_WARN_UNUSED_FUNCTION = YES;
				GCC_WARN_UNUSED_VARIABLE = YES;
				IPHONEOS_DEPLOYMENT_TARGET = 15.0;
				MTL_ENABLE_DEBUG_INFO = INCLUDE_SOURCE;
				MTL_FAST_MATH = YES;
				ONLY_ACTIVE_ARCH = YES;
				SDKROOT = iphoneos;
				SWIFT_ACTIVE_COMPILATION_CONDITIONS = DEBUG;
				SWIFT_OPTIMIZATION_LEVEL = "-Onone";
			};
			name = Debug;
		};
		F7F53BFE273E25E50087511F /* Release */ = {
			isa = XCBuildConfiguration;
			buildSettings = {
				ALWAYS_SEARCH_USER_PATHS = NO;
				CLANG_ANALYZER_NONNULL = YES;
				CLANG_ANALYZER_NUMBER_OBJECT_CONVERSION = YES_AGGRESSIVE;
				CLANG_CXX_LANGUAGE_STANDARD = "gnu++17";
				CLANG_CXX_LIBRARY = "libc++";
				CLANG_ENABLE_MODULES = YES;
				CLANG_ENABLE_OBJC_ARC = YES;
				CLANG_ENABLE_OBJC_WEAK = YES;
				CLANG_WARN_BLOCK_CAPTURE_AUTORELEASING = YES;
				CLANG_WARN_BOOL_CONVERSION = YES;
				CLANG_WARN_COMMA = YES;
				CLANG_WARN_CONSTANT_CONVERSION = YES;
				CLANG_WARN_DEPRECATED_OBJC_IMPLEMENTATIONS = YES;
				CLANG_WARN_DIRECT_OBJC_ISA_USAGE = YES_ERROR;
				CLANG_WARN_DOCUMENTATION_COMMENTS = YES;
				CLANG_WARN_EMPTY_BODY = YES;
				CLANG_WARN_ENUM_CONVERSION = YES;
				CLANG_WARN_INFINITE_RECURSION = YES;
				CLANG_WARN_INT_CONVERSION = YES;
				CLANG_WARN_NON_LITERAL_NULL_CONVERSION = YES;
				CLANG_WARN_OBJC_IMPLICIT_RETAIN_SELF = YES;
				CLANG_WARN_OBJC_LITERAL_CONVERSION = YES;
				CLANG_WARN_OBJC_ROOT_CLASS = YES_ERROR;
				CLANG_WARN_QUOTED_INCLUDE_IN_FRAMEWORK_HEADER = YES;
				CLANG_WARN_RANGE_LOOP_ANALYSIS = YES;
				CLANG_WARN_STRICT_PROTOTYPES = YES;
				CLANG_WARN_SUSPICIOUS_MOVE = YES;
				CLANG_WARN_UNGUARDED_AVAILABILITY = YES_AGGRESSIVE;
				CLANG_WARN_UNREACHABLE_CODE = YES;
				CLANG_WARN__DUPLICATE_METHOD_MATCH = YES;
				COPY_PHASE_STRIP = NO;
				DEBUG_INFORMATION_FORMAT = "dwarf-with-dsym";
				ENABLE_NS_ASSERTIONS = NO;
				ENABLE_STRICT_OBJC_MSGSEND = YES;
				GCC_C_LANGUAGE_STANDARD = gnu11;
				GCC_NO_COMMON_BLOCKS = YES;
				GCC_WARN_64_TO_32_BIT_CONVERSION = YES;
				GCC_WARN_ABOUT_RETURN_TYPE = YES_ERROR;
				GCC_WARN_UNDECLARED_SELECTOR = YES;
				GCC_WARN_UNINITIALIZED_AUTOS = YES_AGGRESSIVE;
				GCC_WARN_UNUSED_FUNCTION = YES;
				GCC_WARN_UNUSED_VARIABLE = YES;
				IPHONEOS_DEPLOYMENT_TARGET = 15.0;
				MTL_ENABLE_DEBUG_INFO = NO;
				MTL_FAST_MATH = YES;
				SDKROOT = iphoneos;
				SWIFT_COMPILATION_MODE = wholemodule;
				SWIFT_OPTIMIZATION_LEVEL = "-O";
				VALIDATE_PRODUCT = YES;
			};
			name = Release;
		};
		F7F53C00273E25E50087511F /* Debug */ = {
			isa = XCBuildConfiguration;
			buildSettings = {
				ASSETCATALOG_COMPILER_APPICON_NAME = AppIcon;
				ASSETCATALOG_COMPILER_GLOBAL_ACCENT_COLOR_NAME = AccentColor;
				CODE_SIGN_STYLE = Automatic;
				CURRENT_PROJECT_VERSION = 1;
				DEVELOPMENT_TEAM = 97SPNJ57V5;
				GENERATE_INFOPLIST_FILE = YES;
				INFOPLIST_FILE = Pong/Info.plist;
				INFOPLIST_KEY_NSCameraUsageDescription = "Need Camera Usage";
				INFOPLIST_KEY_UIApplicationSupportsIndirectInputEvents = YES;
				INFOPLIST_KEY_UILaunchStoryboardName = LaunchScreen;
				INFOPLIST_KEY_UIMainStoryboardFile = Main;
				INFOPLIST_KEY_UIStatusBarHidden = YES;
				INFOPLIST_KEY_UISupportedInterfaceOrientations_iPad = "UIInterfaceOrientationPortrait UIInterfaceOrientationPortraitUpsideDown UIInterfaceOrientationLandscapeLeft UIInterfaceOrientationLandscapeRight";
				INFOPLIST_KEY_UISupportedInterfaceOrientations_iPhone = "UIInterfaceOrientationPortrait UIInterfaceOrientationLandscapeLeft UIInterfaceOrientationLandscapeRight";
				LD_RUNPATH_SEARCH_PATHS = (
					"$(inherited)",
					"@executable_path/Frameworks",
				);
				MARKETING_VERSION = 1.0;
				PRODUCT_BUNDLE_IDENTIFIER = Ritvik.Pong;
				PRODUCT_NAME = "$(TARGET_NAME)";
				SWIFT_EMIT_LOC_STRINGS = YES;
				SWIFT_VERSION = 5.0;
				TARGETED_DEVICE_FAMILY = "1,2";
			};
			name = Debug;
		};
		F7F53C01273E25E50087511F /* Release */ = {
			isa = XCBuildConfiguration;
			buildSettings = {
				ASSETCATALOG_COMPILER_APPICON_NAME = AppIcon;
				ASSETCATALOG_COMPILER_GLOBAL_ACCENT_COLOR_NAME = AccentColor;
				CODE_SIGN_STYLE = Automatic;
				CURRENT_PROJECT_VERSION = 1;
				DEVELOPMENT_TEAM = 97SPNJ57V5;
				GENERATE_INFOPLIST_FILE = YES;
				INFOPLIST_FILE = Pong/Info.plist;
				INFOPLIST_KEY_NSCameraUsageDescription = "Need Camera Usage";
				INFOPLIST_KEY_UIApplicationSupportsIndirectInputEvents = YES;
				INFOPLIST_KEY_UILaunchStoryboardName = LaunchScreen;
				INFOPLIST_KEY_UIMainStoryboardFile = Main;
				INFOPLIST_KEY_UIStatusBarHidden = YES;
				INFOPLIST_KEY_UISupportedInterfaceOrientations_iPad = "UIInterfaceOrientationPortrait UIInterfaceOrientationPortraitUpsideDown UIInterfaceOrientationLandscapeLeft UIInterfaceOrientationLandscapeRight";
				INFOPLIST_KEY_UISupportedInterfaceOrientations_iPhone = "UIInterfaceOrientationPortrait UIInterfaceOrientationLandscapeLeft UIInterfaceOrientationLandscapeRight";
				LD_RUNPATH_SEARCH_PATHS = (
					"$(inherited)",
					"@executable_path/Frameworks",
				);
				MARKETING_VERSION = 1.0;
				PRODUCT_BUNDLE_IDENTIFIER = Ritvik.Pong;
				PRODUCT_NAME = "$(TARGET_NAME)";
				SWIFT_EMIT_LOC_STRINGS = YES;
				SWIFT_VERSION = 5.0;
				TARGETED_DEVICE_FAMILY = "1,2";
			};
			name = Release;
		};
/* End XCBuildConfiguration section */

/* Begin XCConfigurationList section */
		F7F53BE3273E25E50087511F /* Build configuration list for PBXProject "Pong" */ = {
			isa = XCConfigurationList;
			buildConfigurations = (
				F7F53BFD273E25E50087511F /* Debug */,
				F7F53BFE273E25E50087511F /* Release */,
			);
			defaultConfigurationIsVisible = 0;
			defaultConfigurationName = Release;
		};
		F7F53BFF273E25E50087511F /* Build configuration list for PBXNativeTarget "Pong" */ = {
			isa = XCConfigurationList;
			buildConfigurations = (
				F7F53C00273E25E50087511F /* Debug */,
				F7F53C01273E25E50087511F /* Release */,
			);
			defaultConfigurationIsVisible = 0;
			defaultConfigurationName = Release;
		};
/* End XCConfigurationList section */
	};
	rootObject = F7F53BE0273E25E50087511F /* Project object */;
}
